
Microsoft Visual Studio Solution File, Format Version 12.00
# Visual Studio Version 17
VisualStudioVersion = 17.10.35013.160
MinimumVisualStudioVersion = 10.0.40219.1
Project("{FAE04EC0-301F-11D3-BF4B-00C04F79EFBC}") = "GraduationProject", "GraduationProject\GraduationProject.csproj", "{E3419FC5-C244-4531-9836-4ED60708F27A}"
EndProject
Global
	GlobalSection(SolutionConfigurationPlatforms) = preSolution
		Debug|Any CPU = Debug|Any CPU
		Release|Any CPU = Release|Any CPU
	EndGlobalSection
	GlobalSection(ProjectConfigurationPlatforms) = postSolution
		{E3419FC5-C244-4531-9836-4ED60708F27A}.Debug|Any CPU.ActiveCfg = Debug|Any CPU
		{E3419FC5-C244-4531-9836-4ED60708F27A}.Debug|Any CPU.Build.0 = Debug|Any CPU
		{E3419FC5-C244-4531-9836-4ED60708F27A}.Release|Any CPU.ActiveCfg = Release|Any CPU
		{E3419FC5-C244-4531-9836-4ED60708F27A}.Release|Any CPU.Build.0 = Release|Any CPU
	EndGlobalSection
	GlobalSection(SolutionProperties) = preSolution
		HideSolutionNode = FALSE
	EndGlobalSection
	GlobalSection(ExtensibilityGlobals) = postSolution
		SolutionGuid = {B6046EC2-0F34-44AC-9EB6-1E5ADAA3AD07}
	EndGlobalSection
EndGlobal
